{
  "version": "5",
  "redirects": {
    "https://esm.sh/@supabase/node-fetch@^2.6.14?target=denonext": "https://esm.sh/@supabase/node-fetch@2.6.15?target=denonext",
    "https://esm.sh/@supabase/supabase-js@2": "https://esm.sh/@supabase/supabase-js@2.50.0",
    "https://esm.sh/@types/ws@~8.18.1/index.d.mts": "https://esm.sh/@types/ws@8.18.1/index.d.mts",
    "https://esm.sh/bufferutil@^4.0.1?target=denonext": "https://esm.sh/bufferutil@4.0.9?target=denonext",
    "https://esm.sh/node-gyp-build@^4.3.0?target=denonext": "https://esm.sh/node-gyp-build@4.8.4?target=denonext",
    "https://esm.sh/tr46@~0.0.3?target=denonext": "https://esm.sh/tr46@0.0.3?target=denonext",
    "https://esm.sh/utf-8-validate@%3E=5.0.2?target=denonext": "https://esm.sh/utf-8-validate@6.0.5?target=denonext",
    "https://esm.sh/webidl-conversions@^3.0.0?target=denonext": "https://esm.sh/webidl-conversions@3.0.1?target=denonext",
    "https://esm.sh/whatwg-url@^5.0.0?target=denonext": "https://esm.sh/whatwg-url@5.0.0?target=denonext",
    "https://esm.sh/ws@^8.18.2?target=denonext": "https://esm.sh/ws@8.18.2?target=denonext"
  },
  "remote": {
    "https://deno.land/std@0.177.0/async/abortable.ts": "73acfb3ed7261ce0d930dbe89e43db8d34e017b063cf0eaa7d215477bf53442e",
    "https://deno.land/std@0.177.0/async/deadline.ts": "c5facb0b404eede83e38bd2717ea8ab34faa2ffb20ef87fd261fcba32ba307aa",
    "https://deno.land/std@0.177.0/async/debounce.ts": "adab11d04ca38d699444ac8a9d9856b4155e8dda2afd07ce78276c01ea5a4332",
    "https://deno.land/std@0.177.0/async/deferred.ts": "42790112f36a75a57db4a96d33974a936deb7b04d25c6084a9fa8a49f135def8",
    "https://deno.land/std@0.177.0/async/delay.ts": "73aa04cec034c84fc748c7be49bb15cac3dd43a57174bfdb7a4aec22c248f0dd",
    "https://deno.land/std@0.177.0/async/mod.ts": "f04344fa21738e5ad6bea37a6bfffd57c617c2d372bb9f9dcfd118a1b622e576",
    "https://deno.land/std@0.177.0/async/mux_async_iterator.ts": "70c7f2ee4e9466161350473ad61cac0b9f115cff4c552eaa7ef9d50c4cbb4cc9",
    "https://deno.land/std@0.177.0/async/pool.ts": "fd082bd4aaf26445909889435a5c74334c017847842ec035739b4ae637ae8260",
    "https://deno.land/std@0.177.0/async/retry.ts": "5efa3ba450ac0c07a40a82e2df296287b5013755d232049efd7ea2244f15b20f",
    "https://deno.land/std@0.177.0/async/tee.ts": "47e42d35f622650b02234d43803d0383a89eb4387e1b83b5a40106d18ae36757",
    "https://deno.land/std@0.177.0/http/server.ts": "cbb17b594651215ba95c01a395700684e569c165a567e4e04bba327f41197433",
    "https://esm.sh/@supabase/auth-js@2.70.0/denonext/auth-js.mjs": "51f137a91dc64489abf1a500582918ee5042e1e0b64c167f26a3b6d2f807f43c",
    "https://esm.sh/@supabase/functions-js@2.4.4/denonext/functions-js.mjs": "7adeb257410ef3c4a8a1eb9b4ff416c0075d1c32860ca04913c8a9dace1de6a6",
    "https://esm.sh/@supabase/node-fetch@2.6.15/denonext/node-fetch.mjs": "0bae9052231f4f6dbccc7234d05ea96923dbf967be12f402764580b6bf9f713d",
    "https://esm.sh/@supabase/node-fetch@2.6.15?target=denonext": "4d28c4ad97328403184353f68434f2b6973971507919e9150297413664919cf3",
    "https://esm.sh/@supabase/postgrest-js@1.19.4/denonext/postgrest-js.mjs": "2073b5552ba10c7a8302bffffae771e3aede1daf833382355dae239fb0ab2576",
    "https://esm.sh/@supabase/realtime-js@2.11.10/denonext/realtime-js.mjs": "23ab7d3a2cda22a65d0ed48e8adea547cc967bf4d2e32fd0af522563bdf77c24",
    "https://esm.sh/@supabase/storage-js@2.7.1/denonext/storage-js.mjs": "73ac8cdc95cfcd794fe603dbd7ce06d539ab51538ae6467eabe0f9cc26c993aa",
    "https://esm.sh/@supabase/supabase-js@2.50.0": "08871b551234bdcaf766bf2f864b8c00b6d7f92a66d23045596624e4b6c5d762",
    "https://esm.sh/@supabase/supabase-js@2.50.0/denonext/supabase-js.mjs": "f123d5a83e021b6ddd0ab4b3795c5ba5d3d27117d2e5844298ce5f9ba216311c",
    "https://esm.sh/bufferutil@4.0.9/denonext/bufferutil.mjs": "13dca4d5bb2c68cbe119f880fa3bd785b9a81a8e02e0834dae604b4b85295cd8",
    "https://esm.sh/bufferutil@4.0.9?target=denonext": "e32574569ab438facfcc3f412c659b0719bbf05477136ca176938c9a3ac45125",
    "https://esm.sh/date-fns@3.6.0": "5d26302ab9da2db6d87a3777e2d703acf8cb26e16ca69d2a7763292c1105ab88",
    "https://esm.sh/date-fns@3.6.0/denonext/_lib/addLeadingZeros.mjs": "1a3acb3ee2afc5728fc1e1f8b572a92afe520a23b631be86eea0358ab4363dc2",
    "https://esm.sh/date-fns@3.6.0/denonext/_lib/defaultLocale.mjs": "6c564f30541003fe2c5da4efe44874ea48b347553dd781b45c48077e3e624822",
    "https://esm.sh/date-fns@3.6.0/denonext/_lib/defaultOptions.mjs": "3ccf278d4d9da154b592d33ff8be8076f2100a2bf35fd86ffbeb2c2a24103892",
    "https://esm.sh/date-fns@3.6.0/denonext/_lib/format/lightFormatters.mjs": "365939962120d4f6caef161233e1b88426216c77f2ed9a845310d56e6e739748",
    "https://esm.sh/date-fns@3.6.0/denonext/_lib/format/longFormatters.mjs": "ba246760e14d85bde9c4339626ebc3e1dc5b4334235a6635359b08dbf792fd77",
    "https://esm.sh/date-fns@3.6.0/denonext/_lib/getRoundingMethod.mjs": "dc09b8c98fd9c84af9adc2d9d9adc639c1d3866a3e25b40897a81c1a79fe06e6",
    "https://esm.sh/date-fns@3.6.0/denonext/_lib/getTimezoneOffsetInMilliseconds.mjs": "ef84b0528ccf983b27fea0159a24bfdb290fd44c1c8e8f7b7ca221e5d8fa61d6",
    "https://esm.sh/date-fns@3.6.0/denonext/_lib/protectedTokens.mjs": "2e1ca8fbb71ddfd96dff06541fa93b86cd509c7fc8b82957054b2f8a4d2ee49c",
    "https://esm.sh/date-fns@3.6.0/denonext/add.mjs": "3f1a74aa488a6ab651539823720a4465f88f4dc75645728f2a92e486eafa00c0",
    "https://esm.sh/date-fns@3.6.0/denonext/addBusinessDays.mjs": "fec7301cd16e1563117284623a6cc4f4ecd472217c38adf620bcc1ee0805692f",
    "https://esm.sh/date-fns@3.6.0/denonext/addDays.mjs": "f0e6f350e771af01c2f215c78cc440daad5a20cd1b4639c62fc361b6deb4be33",
    "https://esm.sh/date-fns@3.6.0/denonext/addHours.mjs": "b2932a317c2808d49248cb6e5b77e26b71fafc58194286b3a2f35211af1e5c6c",
    "https://esm.sh/date-fns@3.6.0/denonext/addISOWeekYears.mjs": "7f81a0742eb6f5a2619746de169b9b7128b680ccd86db214660e8f8881898c75",
    "https://esm.sh/date-fns@3.6.0/denonext/addMilliseconds.mjs": "6f3df207e45a3dfe24192d77a0274e1ea6e4d758c2088445724364740d81f797",
    "https://esm.sh/date-fns@3.6.0/denonext/addMinutes.mjs": "061c63d9b2330bfe478191e9e655436784dfd9b3698a9300ea39ec47e2f3fc0e",
    "https://esm.sh/date-fns@3.6.0/denonext/addMonths.mjs": "94ccfa372f081001904e7dd981ec67e822b005cd3d82488f467fcc3e93e8d410",
    "https://esm.sh/date-fns@3.6.0/denonext/addQuarters.mjs": "f8f76a93bf5a1801171b4c080b5c86dfae724c6be5445af0574504497a5686e4",
    "https://esm.sh/date-fns@3.6.0/denonext/addSeconds.mjs": "87b2423fd865cbb2d83760c03b04e6a88ec3490328c77a3b997f805862fe64a0",
    "https://esm.sh/date-fns@3.6.0/denonext/addWeeks.mjs": "c461d73303340fb2649ba5bc67613233c7ea7ccf5c8b9a2ef9df9a3b5cabfaa8",
    "https://esm.sh/date-fns@3.6.0/denonext/addYears.mjs": "848cdb2a687c622bb908b64f51c563b202ba2a3c5dd66e01868d7a83ec67ca00",
    "https://esm.sh/date-fns@3.6.0/denonext/areIntervalsOverlapping.mjs": "6e36266adfec54ff8919f37534fae93f901a7b3f43e7593842c1c16fc5f61aea",
    "https://esm.sh/date-fns@3.6.0/denonext/clamp.mjs": "99ef9146284278a13c88621fa56344c9a352d39db931b209c5f9b1a027f7ad89",
    "https://esm.sh/date-fns@3.6.0/denonext/closestIndexTo.mjs": "ccff6c7925f88faee344180f68a770f756c1b6283ecda14200c1090a8d711f75",
    "https://esm.sh/date-fns@3.6.0/denonext/closestTo.mjs": "1170eebf007312f4159f751a3d81bc3079d928318273f8c5871c73ccbcd228e6",
    "https://esm.sh/date-fns@3.6.0/denonext/compareAsc.mjs": "d3f8be7ba938f3bbaf7dcc0f6d56ce8d2bec36597388a43aa75ca5d4d3d5dee3",
    "https://esm.sh/date-fns@3.6.0/denonext/compareDesc.mjs": "225b567ed4c0bd870e94577122d09cd253bb71f5bb68a4d614b5401cebb8d04e",
    "https://esm.sh/date-fns@3.6.0/denonext/constants.mjs": "3a32750b10dfd44f61062e4da981d9f2cdfe405aa0e290183ffb448fd8bce3a7",
    "https://esm.sh/date-fns@3.6.0/denonext/constructFrom.mjs": "5d08c15eb1f063799da8fe681ba90832242c82d2edcb9d6a6dd57393670f7b81",
    "https://esm.sh/date-fns@3.6.0/denonext/constructNow.mjs": "eda6cace22e5a07d3e4faa1d09da39dba8adf60070638e431661dbf41a5f2d69",
    "https://esm.sh/date-fns@3.6.0/denonext/date-fns.mjs": "7575b7a686e73b23fe37fd69019efc22c76559f268a5c0556019db830c93b092",
    "https://esm.sh/date-fns@3.6.0/denonext/daysToWeeks.mjs": "517f11a709543fcb36a989e547773283c68984dda37c08837480021b26e44d98",
    "https://esm.sh/date-fns@3.6.0/denonext/differenceInBusinessDays.mjs": "a07547577516c2f6de8a82cba9402c8d6221354114dacfbd165731f9abd55f79",
    "https://esm.sh/date-fns@3.6.0/denonext/differenceInCalendarDays.mjs": "75437a599fc7d9bdb24c60c888a885dd9eb30325a3fd11355abc720a61963ae0",
    "https://esm.sh/date-fns@3.6.0/denonext/differenceInCalendarISOWeekYears.mjs": "ca1543696291648d357fa8543e2eb1b7e9ad54471e1cb3e3c7a4852e711eb160",
    "https://esm.sh/date-fns@3.6.0/denonext/differenceInCalendarISOWeeks.mjs": "bc3af8a70ec2370225cc329de25e448e2bea636b56ad54002cdc90c166871747",
    "https://esm.sh/date-fns@3.6.0/denonext/differenceInCalendarMonths.mjs": "afd41eaa9df75c424b613cd44658bbac5ddcf32c1dfcf59bc25fb25195082d66",
    "https://esm.sh/date-fns@3.6.0/denonext/differenceInCalendarQuarters.mjs": "37081be95bc441ef450abae760bbe3dcf98595f0b035e7f01b137fccd19f8365",
    "https://esm.sh/date-fns@3.6.0/denonext/differenceInCalendarWeeks.mjs": "1f65724b15c5db8f2e9165272652849df58721cef6ad5dc2dd5e7e83d9147fd5",
    "https://esm.sh/date-fns@3.6.0/denonext/differenceInCalendarYears.mjs": "fc879e549c14babdddbe11c1f81f8c6ba48d78e0ab9cc71825cb8f41968ab52b",
    "https://esm.sh/date-fns@3.6.0/denonext/differenceInDays.mjs": "1558eb7cb1c62d8d76df2c92827cd0bb99278fbfee85250b4b1088d4b6e01048",
    "https://esm.sh/date-fns@3.6.0/denonext/differenceInHours.mjs": "d56e1fdaeda1f71cc5c53321c42da332b36f5b62ace01b8388b04bd88ef08cf0",
    "https://esm.sh/date-fns@3.6.0/denonext/differenceInISOWeekYears.mjs": "32eacccc0ac8359cc8e31eb9276fd87b30482c618d470882e3b044faa76727a1",
    "https://esm.sh/date-fns@3.6.0/denonext/differenceInMilliseconds.mjs": "9bd346807990651c9beaba67f4d3a660346c0fdf21c43eb0d22a2e2d3ef2c483",
    "https://esm.sh/date-fns@3.6.0/denonext/differenceInMinutes.mjs": "da4dccd64c662d02bc1ccb4a139f7d6a4ec2c3e6bb663415b87a6cee54622b23",
    "https://esm.sh/date-fns@3.6.0/denonext/differenceInMonths.mjs": "c0b509c4580bbaef1529ffa450713216d0104da3a10c0e90c925291dd951cd26",
    "https://esm.sh/date-fns@3.6.0/denonext/differenceInQuarters.mjs": "8c042a436c052b1f6968ca3b4567df3c164259a3d6549c6c2f4cdf22e2ac9dc4",
    "https://esm.sh/date-fns@3.6.0/denonext/differenceInSeconds.mjs": "d2325893f64187674432a1701da728852489f58b7394ace54a9d74a7a9ae852a",
    "https://esm.sh/date-fns@3.6.0/denonext/differenceInWeeks.mjs": "e916ead680b4dbf1612099aacee319724d0a4c30e629621994756d2af8926185",
    "https://esm.sh/date-fns@3.6.0/denonext/differenceInYears.mjs": "09bb7d3b04723b634df84354e9d68942b7ed6b078ece8d07eacddee28b6f271b",
    "https://esm.sh/date-fns@3.6.0/denonext/eachDayOfInterval.mjs": "7967707f7333878cc653f344e63e108ffdb28f93f858d1a3d960628a3e1dcfb1",
    "https://esm.sh/date-fns@3.6.0/denonext/eachHourOfInterval.mjs": "584fa6a56a7916a774fdd2da8734bd071158230d231497cd4c25fd55c719ccbd",
    "https://esm.sh/date-fns@3.6.0/denonext/eachMinuteOfInterval.mjs": "e4af8748047149b3f1eafacb1ddf24760960a5684a20bf8084f86920fe5a7334",
    "https://esm.sh/date-fns@3.6.0/denonext/eachMonthOfInterval.mjs": "290c860410c287d616c0e74f1dc00c9a303f4e954d6d90ecd08c5377ff30c21a",
    "https://esm.sh/date-fns@3.6.0/denonext/eachQuarterOfInterval.mjs": "e7943272861a9f8793cbf1850a0c8a8d166c32c936219bf41b430cd13b07e7f1",
    "https://esm.sh/date-fns@3.6.0/denonext/eachWeekOfInterval.mjs": "acd8539a1bdbf16f0adfe798b35e26e8c36f81636bbbeaffd58b687a2f3c97cf",
    "https://esm.sh/date-fns@3.6.0/denonext/eachWeekendOfInterval.mjs": "cd5aec1fe901cd21834dea5837f0d3d94eb9bbf9a051c13f7507817853c485dc",
    "https://esm.sh/date-fns@3.6.0/denonext/eachWeekendOfMonth.mjs": "19d587220b40ad74902e682f3d77ba294ed30ca854b33d017828c37f1388b579",
    "https://esm.sh/date-fns@3.6.0/denonext/eachWeekendOfYear.mjs": "226fd3843ade24e67be4eee2b193107351332d7cc0a26af94cf2756e8b65c36a",
    "https://esm.sh/date-fns@3.6.0/denonext/eachYearOfInterval.mjs": "afdb40bae5711d89bf8447cbaa339f5b2c6f73770c121ad14087ffa4d6d57799",
    "https://esm.sh/date-fns@3.6.0/denonext/endOfDay.mjs": "9ac9edb49fa6bc4d382b92c6d6bbb3e5adbe587ea22d87e72201a3802da8549c",
    "https://esm.sh/date-fns@3.6.0/denonext/endOfDecade.mjs": "a75b23f6e3bf61b4abbab4b0c2958c25035e471026328e7dacf8e51b65f59c41",
    "https://esm.sh/date-fns@3.6.0/denonext/endOfHour.mjs": "17e1e36e3cc1be642bf4d16da62f4c9800b505d4b8667fe64f8ae15cf5e0e241",
    "https://esm.sh/date-fns@3.6.0/denonext/endOfISOWeek.mjs": "0ed8a95e3f8ac98fd656dbdb22498a1efc9654880f64dee935a9d5fb4012c54b",
    "https://esm.sh/date-fns@3.6.0/denonext/endOfISOWeekYear.mjs": "a45e7c5f4291e79fdfb574d77074f0e3a1cc965b03e70c57a08daeb227c6d781",
    "https://esm.sh/date-fns@3.6.0/denonext/endOfMinute.mjs": "4f60167c92f238fa23d4e4983357b437463ee1b8e68d9c1808b9167f0c9fa3a7",
    "https://esm.sh/date-fns@3.6.0/denonext/endOfMonth.mjs": "54aeefec59a151717816329372754fbbaebdf55b1f229e548d317d685e13d48c",
    "https://esm.sh/date-fns@3.6.0/denonext/endOfQuarter.mjs": "867d513eedb248a51867d47ef1f6e9be5dfd38e2ab1634f9a7d1fec9184af6fa",
    "https://esm.sh/date-fns@3.6.0/denonext/endOfSecond.mjs": "a06808e1d845fb503a3518f47a26dea4bf1f3fa5c59a5e94953fd3478be14a63",
    "https://esm.sh/date-fns@3.6.0/denonext/endOfToday.mjs": "4b631f3f9109ebfe024796e168e5b292e0e7ae4f80f0d697fbde7d8a51614b9b",
    "https://esm.sh/date-fns@3.6.0/denonext/endOfTomorrow.mjs": "aed75a9e41d5e5a52a38255c9d0285637518971a8809879e3b0efe9d58ba44ba",
    "https://esm.sh/date-fns@3.6.0/denonext/endOfWeek.mjs": "f5accf1f8f62067849b47f2ebb3f1a1bb92e86e0e87ea08507d71eec252f08a6",
    "https://esm.sh/date-fns@3.6.0/denonext/endOfYear.mjs": "19d118d892c8440affad8488de9428f330e9330c3a24f237172fdaef1c81d10d",
    "https://esm.sh/date-fns@3.6.0/denonext/endOfYesterday.mjs": "190d49e216a389d88bad30a591f424fe9160dbd489ee58cb5e157cb19862e8e2",
    "https://esm.sh/date-fns@3.6.0/denonext/format.mjs": "bf66b49a9065c64ef5a0524185b4c4f52ce05525b3d244ec57854b0297cd8d25",
    "https://esm.sh/date-fns@3.6.0/denonext/formatDistance.mjs": "e4388ceb0fb3cac23c6cb22482f107b5ce0f536c386e7f388585b8776d644f49",
    "https://esm.sh/date-fns@3.6.0/denonext/formatDistanceStrict.mjs": "9816c580e22230bc02434c2bfdd0c1f71173b1014c90b82c9f3f7590806830c6",
    "https://esm.sh/date-fns@3.6.0/denonext/formatDistanceToNow.mjs": "27d46120260617f5f011928d66d82bdc1baa0d3d163e8a708566df20ab803a3a",
    "https://esm.sh/date-fns@3.6.0/denonext/formatDistanceToNowStrict.mjs": "e7629fbeb774237ab58360705b363c29b4d7f3713e485e52d14544bea6f922a3",
    "https://esm.sh/date-fns@3.6.0/denonext/formatDuration.mjs": "9d75d24a2f770f4328f21b78350db5554de9731ae9576f17c8a7e9a7056609fd",
    "https://esm.sh/date-fns@3.6.0/denonext/formatISO.mjs": "fe5a8d79488ae49e95b6072ba12e397a6998116ba791a5b6f2d95308ea9c8515",
    "https://esm.sh/date-fns@3.6.0/denonext/formatISO9075.mjs": "ea7c67121a4ff724ca9fa430eb6f052c60ec00b0907735de6f76bab69efd7dde",
    "https://esm.sh/date-fns@3.6.0/denonext/formatISODuration.mjs": "91a6b206c277c4f96b5c69485ea020486592d99741bff2e918c5b2ae117146bf",
    "https://esm.sh/date-fns@3.6.0/denonext/formatRFC3339.mjs": "159df3da66d03f3c1774ee005a7064badf6c0c394487272407ef2e62f75ad7c6",
    "https://esm.sh/date-fns@3.6.0/denonext/formatRFC7231.mjs": "984f7f625cfabfd0b4619110195b3d71284b9eb3670f37156e2f4d3bfe615b67",
    "https://esm.sh/date-fns@3.6.0/denonext/formatRelative.mjs": "f921a33e0b68335f4e9fc95aadb551b97936ed973ba94bcac42745d4134904d9",
    "https://esm.sh/date-fns@3.6.0/denonext/fromUnixTime.mjs": "1b139228f73bf6032796b29c67b23cab35a1a6f9efb0b5c278bd2d5d542e13a5",
    "https://esm.sh/date-fns@3.6.0/denonext/getDate.mjs": "face66025265d766a651506b5430d542df74dd39a6fc7df977d09d67466a1857",
    "https://esm.sh/date-fns@3.6.0/denonext/getDay.mjs": "ac042e810f128dc13dd36d042eca066d4941f2b56360a3803864acbb4b93cfc8",
    "https://esm.sh/date-fns@3.6.0/denonext/getDayOfYear.mjs": "90730b6f5dddbffb4667c42392cf7e9b2456b2a7b83f8ea980265884169624c3",
    "https://esm.sh/date-fns@3.6.0/denonext/getDaysInMonth.mjs": "76b27511e41b3a772cfe8237cd46c0929b40b071dad9dbbef9a765e6ac9afa7b",
    "https://esm.sh/date-fns@3.6.0/denonext/getDaysInYear.mjs": "dc47b407a5e2cb33816094d772c0ac8ac0c54ff486c6ee554a7c3173d92bb017",
    "https://esm.sh/date-fns@3.6.0/denonext/getDecade.mjs": "76725631fa47af827dbebf836e3c6bbd8f5a9436417dfaa472268781eb425e6e",
    "https://esm.sh/date-fns@3.6.0/denonext/getDefaultOptions.mjs": "34eab8d9b14bc5669b322d8783e3d07dcae04d5e7c680a7cd28fab5786078974",
    "https://esm.sh/date-fns@3.6.0/denonext/getHours.mjs": "4e7138fdf982eed68213843bdb11390d908491ccc1eaef8eed0f3a76a24ea2a4",
    "https://esm.sh/date-fns@3.6.0/denonext/getISODay.mjs": "2454f95c31fc0fe7354a73c20069f0cdfee965a754579a0055bc2f43aabece93",
    "https://esm.sh/date-fns@3.6.0/denonext/getISOWeek.mjs": "199923032304cd597c9eb575ec8cd7fe48218544bf4e5acd529864daec849ec3",
    "https://esm.sh/date-fns@3.6.0/denonext/getISOWeekYear.mjs": "41c38c4bab6e129adde46ab6ebcc1ef04dca1b515e7331b9f1d827f18387dabb",
    "https://esm.sh/date-fns@3.6.0/denonext/getISOWeeksInYear.mjs": "c950e510757f82e305dbce89bb69c5009228f0cd5d530adffb71e18bb3fa83f1",
    "https://esm.sh/date-fns@3.6.0/denonext/getMilliseconds.mjs": "5605be345e3d11298fbb4d4b70958c5bc58165480187c722daf49da48068e81f",
    "https://esm.sh/date-fns@3.6.0/denonext/getMinutes.mjs": "d7190faad7e4af412de28823087fc369937d25bb34989a31d10471baa74fd257",
    "https://esm.sh/date-fns@3.6.0/denonext/getMonth.mjs": "c1aa9d30543eb7a10275b99ed8bace84fa7efaa6f8d6430e69c9fb66a8c9f97a",
    "https://esm.sh/date-fns@3.6.0/denonext/getOverlappingDaysInIntervals.mjs": "b36098a935a4a45edf8563dce863f96974ec3758c3fd2e2d61db5705cbf84c4e",
    "https://esm.sh/date-fns@3.6.0/denonext/getQuarter.mjs": "2dbd37d8dad7883be6e599a75424cc61d48acc587a055614417d4a04403241a2",
    "https://esm.sh/date-fns@3.6.0/denonext/getSeconds.mjs": "6bd06aa943b7d64aaeccccc1310de9e8fd3f041be32b2d50c8784ad370125c59",
    "https://esm.sh/date-fns@3.6.0/denonext/getTime.mjs": "976835c1286b9806d63b208b38a6328f254e7da1a28ea084501e179df63532e6",
    "https://esm.sh/date-fns@3.6.0/denonext/getUnixTime.mjs": "1a07b0027da588254e47062650a76768695f022ab0048a471025bec0da465a61",
    "https://esm.sh/date-fns@3.6.0/denonext/getWeek.mjs": "8903edac11198b607ce4f214be57369be76f5bc4c206858f5b275a418bb22b7e",
    "https://esm.sh/date-fns@3.6.0/denonext/getWeekOfMonth.mjs": "db34a29ca326048d5daed06cfb5b6bcaab69d8001257297ae52fd8656c824990",
    "https://esm.sh/date-fns@3.6.0/denonext/getWeekYear.mjs": "e70f51cfbd9075775b2b78a68da2f061510c2e9fdc22b9d8899c364d442eac4c",
    "https://esm.sh/date-fns@3.6.0/denonext/getWeeksInMonth.mjs": "badce576f5f8f26b3b624d26ff74fd587ebfd5c7bdb4542b6166ad110a2e8ab5",
    "https://esm.sh/date-fns@3.6.0/denonext/getYear.mjs": "28683b1b4c4d317dcf95c2b99c03d14a061dfbe1a48129f98bc59dadd8075381",
    "https://esm.sh/date-fns@3.6.0/denonext/hoursToMilliseconds.mjs": "a892e80a164df27b3b3cb74da9861dc789dccf91a49a240431065747f3f8dedd",
    "https://esm.sh/date-fns@3.6.0/denonext/hoursToMinutes.mjs": "d1e693ea5c33453a1c8766c7946017bf4418ede11fe34aa61b0595e2724f42cb",
    "https://esm.sh/date-fns@3.6.0/denonext/hoursToSeconds.mjs": "c5777686704e5e9108d2cef7a50f67fb0afcaf80e3271bcc6104fe321957cf64",
    "https://esm.sh/date-fns@3.6.0/denonext/interval.mjs": "add4d0104919d9a7c339feb3253e37a7627a5db41f4869f8e98712e34f3d017b",
    "https://esm.sh/date-fns@3.6.0/denonext/intervalToDuration.mjs": "4c354b8ddbf9141a23c0cf9650679b5a5f501c061ceff173fcc3f5e18ab73f0d",
    "https://esm.sh/date-fns@3.6.0/denonext/intlFormat.mjs": "47bb864e0422245055633fc4081b0183682d7c71a9bcda7f3afee5db6f6b3d61",
    "https://esm.sh/date-fns@3.6.0/denonext/intlFormatDistance.mjs": "c9263759fa524d075c4888d130ddd46c3d520e93052c1c3e5f51f75b41eb8336",
    "https://esm.sh/date-fns@3.6.0/denonext/isAfter.mjs": "83abc998794320d31fe9409dcdf66945c39d8284a269a6ce5f58d7175c0ac639",
    "https://esm.sh/date-fns@3.6.0/denonext/isBefore.mjs": "c43bd4248fb7ad66d94ba19e919228cb5a4d2f6048a821caf52587e0f1a485fc",
    "https://esm.sh/date-fns@3.6.0/denonext/isDate.mjs": "779991b42b4bfea388a5e83a2ca69b138c2274c7309d3797cfb582f2f36fb869",
    "https://esm.sh/date-fns@3.6.0/denonext/isEqual.mjs": "479644336f10e2f93c3ed857e5570b3d558904d238229c73ece52f10fb32a97a",
    "https://esm.sh/date-fns@3.6.0/denonext/isExists.mjs": "ae0e449e173e879048c275ae898e5df0565aea78381419ee14125190c9092d3c",
    "https://esm.sh/date-fns@3.6.0/denonext/isFirstDayOfMonth.mjs": "619760afe9730b3a67e8cc7b780d8ad59f83f706a78828e6d29895c52e2161e4",
    "https://esm.sh/date-fns@3.6.0/denonext/isFriday.mjs": "309c128af482c00496a620247efb52378bb3b957cbc6cdcee02bb01ac390e570",
    "https://esm.sh/date-fns@3.6.0/denonext/isFuture.mjs": "c170ec26420df4821e90a9512029272a85775c32e32f95c666a2595d0c10484c",
    "https://esm.sh/date-fns@3.6.0/denonext/isLastDayOfMonth.mjs": "02bbe15e5faf9257b8d678b26d56686a87b3ba955cfd3203c4df464df30a0c09",
    "https://esm.sh/date-fns@3.6.0/denonext/isLeapYear.mjs": "cef36ff020dd048728720ea3b13088dde4a563e759fab771e7d36fd261bdf482",
    "https://esm.sh/date-fns@3.6.0/denonext/isMatch.mjs": "72a903d5fabce6211215b56b1104de4b5db13c6566fb8807cb2f6d70cfb5b20b",
    "https://esm.sh/date-fns@3.6.0/denonext/isMonday.mjs": "926a4a35109fd3b36898555b799594c782f4b6d6533ead6ed361c8d07305f71d",
    "https://esm.sh/date-fns@3.6.0/denonext/isPast.mjs": "4a3d4212d2a071c33c918afa3cd4210f6a82e7b79b370ce7dbf6ed4345d58251",
    "https://esm.sh/date-fns@3.6.0/denonext/isSameDay.mjs": "8a4df358af867537895bea50a8ac73c3098a9962f79a463b68b4363c52bc4677",
    "https://esm.sh/date-fns@3.6.0/denonext/isSameHour.mjs": "e9eda1ca358795e52d80828a1e8b3a64f3730f0478dd521a82602c30973dcda9",
    "https://esm.sh/date-fns@3.6.0/denonext/isSameISOWeek.mjs": "ecbd16c9bd2a6b8aab70ea9f734a1afabbd04ccce44a7459d9da2cef2303629c",
    "https://esm.sh/date-fns@3.6.0/denonext/isSameISOWeekYear.mjs": "50762f8e3bc6c56fe16b9535add08eb064b19703d9928ebf3faae36d6b4f2a21",
    "https://esm.sh/date-fns@3.6.0/denonext/isSameMinute.mjs": "c0b225e2801abcd834a77382753727b67ab3427ea181a2ed8050de8f1af011fe",
    "https://esm.sh/date-fns@3.6.0/denonext/isSameMonth.mjs": "0164f52dd934ec85e58f9e8a0dbcd1b5211200c6a50db8e16c5efb3305d14fed",
    "https://esm.sh/date-fns@3.6.0/denonext/isSameQuarter.mjs": "f1c1652e975680800ee0e10e2a62b27582ee1b9a7138797065c85de9a4297bd9",
    "https://esm.sh/date-fns@3.6.0/denonext/isSameSecond.mjs": "8adc082d456f5cec6eab8434539ffeeb308761e231fa2801237e581962cb1c47",
    "https://esm.sh/date-fns@3.6.0/denonext/isSameWeek.mjs": "72817c9dd6cf04b4b4926d9c90b234b1ae34e022f0aef67d71dca78207f1e9fe",
    "https://esm.sh/date-fns@3.6.0/denonext/isSameYear.mjs": "da568dc17b7c88788c9dcc729dbaa4c25549c62d1ae0e4a8a8fcbef99527ba2c",
    "https://esm.sh/date-fns@3.6.0/denonext/isSaturday.mjs": "594401ac7b5c1d01a9b7c5fdd4d0fa06fe466efa0458afe37a4794c9a46e92d9",
    "https://esm.sh/date-fns@3.6.0/denonext/isSunday.mjs": "722aca3e8cf02f9f4ad1000adac77a644d522316e151df36fe4700b5a410c9f3",
    "https://esm.sh/date-fns@3.6.0/denonext/isThisHour.mjs": "291f477ecb3a41ff56e646749776e22266ee31199f74655fbad16d42c205a0bf",
    "https://esm.sh/date-fns@3.6.0/denonext/isThisISOWeek.mjs": "1713944d2b84622063b2f529c9e6e7036ddc7f2c527165e60132011b93b4202b",
    "https://esm.sh/date-fns@3.6.0/denonext/isThisMinute.mjs": "f7ce1ef5449aeaa40124e673789758a300703f54977c4c9b48086f7f97150045",
    "https://esm.sh/date-fns@3.6.0/denonext/isThisMonth.mjs": "690b35c822841998baef5258b0d6a1311cdde3cb5fb645bc4df60b23f8f098d9",
    "https://esm.sh/date-fns@3.6.0/denonext/isThisQuarter.mjs": "0ba3c1ca62a61d01dc2efcbf6ab2e1b0fa14f043cac10a07796c12e4c472797c",
    "https://esm.sh/date-fns@3.6.0/denonext/isThisSecond.mjs": "6833bc1f3b0a18651a432ee54b7220b7a5b2042fb30747519373dcc232f65f34",
    "https://esm.sh/date-fns@3.6.0/denonext/isThisWeek.mjs": "39836ad9a6f2ee8fb9e6b62d8789ecb362221428e0b317a9e06f117d51e174aa",
    "https://esm.sh/date-fns@3.6.0/denonext/isThisYear.mjs": "64b359953512f0287df8ce352d4bdb0d22509871e6e8a954bad3cc10c2fab360",
    "https://esm.sh/date-fns@3.6.0/denonext/isThursday.mjs": "20094ed3111faaf80c78922bc2bcd3df0724f1926d041fd4f485a7ff604d8112",
    "https://esm.sh/date-fns@3.6.0/denonext/isToday.mjs": "ffbaf8b1a88e40774afeaf13bbd3bb2873a89b72554deb79272080f8a6934db7",
    "https://esm.sh/date-fns@3.6.0/denonext/isTomorrow.mjs": "3a2ba7dc56a072da5306c735a0d7dc5c2fb942a3fe8a8b88c10e8ead75b9a84f",
    "https://esm.sh/date-fns@3.6.0/denonext/isTuesday.mjs": "ccb31ca462c9ac38b914d04069265cd3355adb706f3eaa6f452e8527eee9a24c",
    "https://esm.sh/date-fns@3.6.0/denonext/isValid.mjs": "10626ee91a4f90baea041de42494d909e853ccc5dacf1d9822040395e7de90c5",
    "https://esm.sh/date-fns@3.6.0/denonext/isWednesday.mjs": "bb4d398ed724c87c31711c556b42985024dfad6577b26a9a34af80c6f0420009",
    "https://esm.sh/date-fns@3.6.0/denonext/isWeekend.mjs": "74dc678f3058db1f3b1734cfbf816c8e71ecda1bd8e19d20b66db2b55f76a9c1",
    "https://esm.sh/date-fns@3.6.0/denonext/isWithinInterval.mjs": "94ed41fa853ff02fafb2e5acca0f40f10ec00495682f929274e1afb7c0ec26e7",
    "https://esm.sh/date-fns@3.6.0/denonext/isYesterday.mjs": "8e4c1440381b0703dd3bafc810c1b9268d6386fe237ae0da23c12a48af1abcc0",
    "https://esm.sh/date-fns@3.6.0/denonext/lastDayOfDecade.mjs": "ac53b3fc097b1ce2074a16dbfce6867d53cd742fed9470232e3b02af3c03f9c5",
    "https://esm.sh/date-fns@3.6.0/denonext/lastDayOfISOWeek.mjs": "db6bae6170b67e43ad5524a6f647fa9dbd74f624c099bc3108695d5c036eb572",
    "https://esm.sh/date-fns@3.6.0/denonext/lastDayOfISOWeekYear.mjs": "783724cfe551e70ab100a131173332f6b9958c4f68dffc22023d5acc66887a7d",
    "https://esm.sh/date-fns@3.6.0/denonext/lastDayOfMonth.mjs": "6b763a76c7e0311721f3079f304e15fceef974ec17e3fc21af8ae424d3616ccc",
    "https://esm.sh/date-fns@3.6.0/denonext/lastDayOfQuarter.mjs": "64d537ed1af902132f476f662cb940d62cd24af5091ec028f872b37f3db36294",
    "https://esm.sh/date-fns@3.6.0/denonext/lastDayOfWeek.mjs": "ec214dddb71afea1a95a62310ed5663c8e6795e88dc9dbb1b8129f6f75186841",
    "https://esm.sh/date-fns@3.6.0/denonext/lastDayOfYear.mjs": "94e11d6b40c3b63a77f0763a5bd37c9e9cd1c841f2734c57f6775bb296a9aad0",
    "https://esm.sh/date-fns@3.6.0/denonext/lightFormat.mjs": "9fd51fb584c0aabb5d9408e87d378daac75230079c87fcad3dfd4eec28f846e0",
    "https://esm.sh/date-fns@3.6.0/denonext/locale/_lib/buildFormatLongFn.mjs": "aaa6f962bfce6763b45cbbe57c4f6829505896353f711e66d41efe8331abd4a0",
    "https://esm.sh/date-fns@3.6.0/denonext/locale/_lib/buildLocalizeFn.mjs": "b05eb4c6d710551ad5cc8381008937625b60911c3108dd3dfc0f90847a47a171",
    "https://esm.sh/date-fns@3.6.0/denonext/locale/_lib/buildMatchFn.mjs": "ebe9dabdd72c0fb4cba80abf027c7de3392f83fec4a95d7b5662065e989d669c",
    "https://esm.sh/date-fns@3.6.0/denonext/locale/_lib/buildMatchPatternFn.mjs": "fb05e62ca8433c69ac8a4f996a2d9a51deac4ffcd0392ab83eb3e1627e03c380",
    "https://esm.sh/date-fns@3.6.0/denonext/locale/en-US.mjs": "da0935c92ee0c6c149ac80326ee2553d020a9e41c9ee46f16935c4ee94007a62",
    "https://esm.sh/date-fns@3.6.0/denonext/locale/en-US/_lib/formatDistance.mjs": "8e3937a447643a35e5ad3b40755620149165161328df2fbdc33b00f90149a265",
    "https://esm.sh/date-fns@3.6.0/denonext/locale/en-US/_lib/formatRelative.mjs": "42e8b8a4c1aa158955cd2416ecd7461222cf0bfbfe6da431d14a07584ea0519d",
    "https://esm.sh/date-fns@3.6.0/denonext/locale/en-US/_lib/localize.mjs": "17b9f3b00d1b013c5399f9a3c66fec0be258ad78ff447d84b09f2f0a08e5907c",
    "https://esm.sh/date-fns@3.6.0/denonext/locale/en-US/_lib/match.mjs": "d7cc2c7f29ae7f1e64ea968eee315e932dd4617362984552d4bee7d35ce0f9c5",
    "https://esm.sh/date-fns@3.6.0/denonext/locale/pt-BR.mjs": "026005446dc18f23494b8ee06556ecd475d0999e092ac5dd4dbccf31c1514574",
    "https://esm.sh/date-fns@3.6.0/denonext/max.mjs": "eeea06f66389a6b10afd24bed8c20ebbd127bec4644dd092679ab3eb211f9576",
    "https://esm.sh/date-fns@3.6.0/denonext/milliseconds.mjs": "4f3ae374e616daa7d67c77e90181828a399e1701a56854ba84600472042bb12f",
    "https://esm.sh/date-fns@3.6.0/denonext/millisecondsToHours.mjs": "f3449738e68076e408268cd75a527f2137f644049f8ac25e3e5568cbe9c643cd",
    "https://esm.sh/date-fns@3.6.0/denonext/millisecondsToMinutes.mjs": "4024cc800d15de2e2c848c57067caad1a724c393185297049147dac7f74eb8ea",
    "https://esm.sh/date-fns@3.6.0/denonext/millisecondsToSeconds.mjs": "1441adbaf5a86c59ebf8f8ebf56c9e4b91cf7cf1548f261096476b5d75f51e24",
    "https://esm.sh/date-fns@3.6.0/denonext/min.mjs": "8f6ab44432cd0ec469f4274252de8d70464078927dd8fd9af2dcdb00b2edc439",
    "https://esm.sh/date-fns@3.6.0/denonext/minutesToHours.mjs": "7316aea2308a53eccca1335ab7b2e9f9cb0c872019cb2f5069fd6a6785c9cb8f",
    "https://esm.sh/date-fns@3.6.0/denonext/minutesToMilliseconds.mjs": "79a134f587d1159cf84227effda3850643d6f89a10199e989f9ea1fc50a89627",
    "https://esm.sh/date-fns@3.6.0/denonext/minutesToSeconds.mjs": "4da53e7b34e3a7de7450a2f1c8cb76e83d3a9c1f3aed077700005d1848b24abe",
    "https://esm.sh/date-fns@3.6.0/denonext/monthsToQuarters.mjs": "c9ddf3ba0b01c93197753669c06f79b57bbb91ee7e20ef665c49e1498cf7dca8",
    "https://esm.sh/date-fns@3.6.0/denonext/monthsToYears.mjs": "1dea4206c4f0e415956dbb3a36b1894638c98a0323d9af7a7b9335448095e306",
    "https://esm.sh/date-fns@3.6.0/denonext/nextDay.mjs": "d7663d69676197408aef122ceddd0deadfcd705bb177c45b4b3bdd750c611efb",
    "https://esm.sh/date-fns@3.6.0/denonext/nextFriday.mjs": "1037ee4a0f50d34455d48ae43d4f62253d51c40a31df2def9878477c9566bcd1",
    "https://esm.sh/date-fns@3.6.0/denonext/nextMonday.mjs": "d7fa3c883c08b25bd7ce2a9b1ba00f2f1a391167825a4baab04e67c0a2f09e25",
    "https://esm.sh/date-fns@3.6.0/denonext/nextSaturday.mjs": "aa4e46b7f51a684f29c1c2633714a58207d7d95fab0fade42ef6e55042be0923",
    "https://esm.sh/date-fns@3.6.0/denonext/nextSunday.mjs": "f356e6b3035cd83ee0da71f49871ea1a5e76c22829587551472e0b7d02c4061f",
    "https://esm.sh/date-fns@3.6.0/denonext/nextThursday.mjs": "9060a8e31bed8485320b4a8bdedbc7698cf10e35c49354f521cf924058660ed0",
    "https://esm.sh/date-fns@3.6.0/denonext/nextTuesday.mjs": "7a7fd7720ef966b4e4d7501abd542d98a5e1217f77ad2eb82223196bb8ff9d6d",
    "https://esm.sh/date-fns@3.6.0/denonext/nextWednesday.mjs": "9554a78cb09b778b7dbb109aa92c0fb66586dd913442d5ff0903516da05975fb",
    "https://esm.sh/date-fns@3.6.0/denonext/parse.mjs": "327051f3eb050f96140d35b4ccf410e9e45b2928f7f97435b4566733040da0f5",
    "https://esm.sh/date-fns@3.6.0/denonext/parseISO.mjs": "98853679f3bf8b04c667bb801a189a41cf87821685e4d5bf5fe89b11746bf28d",
    "https://esm.sh/date-fns@3.6.0/denonext/parseJSON.mjs": "336d446987d3fcd2056e5b4bc0472d042bfe4f280b35bcdc4e9c008dae77980a",
    "https://esm.sh/date-fns@3.6.0/denonext/previousDay.mjs": "2e2ebc27dc2514dbfa023a91963d7378f91256bb6e929de5509b38fa360e3a94",
    "https://esm.sh/date-fns@3.6.0/denonext/previousFriday.mjs": "f6d5d110951e1a6b3bc0939cd4c57d5cf9ecf1f62f47e1766e34861a4813aec2",
    "https://esm.sh/date-fns@3.6.0/denonext/previousMonday.mjs": "dc0b9a236063b7af608d6624d24bd1e414128376cd803b548883f7a2aa51ef9b",
    "https://esm.sh/date-fns@3.6.0/denonext/previousSaturday.mjs": "54e98d1bfdd9e067371039084726b122ee91ca8280ee6a125bb0c4b43fd591f9",
    "https://esm.sh/date-fns@3.6.0/denonext/previousSunday.mjs": "7f808998ee10fdc64942a4a639fe6ae82ca799b6c03b8a56480956720c41bfc2",
    "https://esm.sh/date-fns@3.6.0/denonext/previousThursday.mjs": "abc8f95d092822ea6ad1b2fcaf7f86bc455384a0dc81c3043f8e3a532084ee2f",
    "https://esm.sh/date-fns@3.6.0/denonext/previousTuesday.mjs": "d73448a59f5a0944b455805e8bda306a60d5c88f7b7f5c07ea75a46888006f68",
    "https://esm.sh/date-fns@3.6.0/denonext/previousWednesday.mjs": "86ea5360f8e863a620967872c4f1d6be708a4717edf0b567b3c280aeb7f17d3b",
    "https://esm.sh/date-fns@3.6.0/denonext/quartersToMonths.mjs": "21f1df54fb3fd8c29f655895785c6a2176fa8218148f15b8e78c0540fd740592",
    "https://esm.sh/date-fns@3.6.0/denonext/quartersToYears.mjs": "010d7326694f35f20b6f0f3d99a361bbccdd47b320020f7402f761f7e36b2692",
    "https://esm.sh/date-fns@3.6.0/denonext/roundToNearestHours.mjs": "990327b4685384a4e1aa17802182549a82e95b63004b56b024ea205018093f36",
    "https://esm.sh/date-fns@3.6.0/denonext/roundToNearestMinutes.mjs": "d8ad420e10cc396d27818c80c3faa17a102edb0b029cab9401244eca60a57560",
    "https://esm.sh/date-fns@3.6.0/denonext/secondsToHours.mjs": "6b2fd4944f9a97b5299e8e9f1d5b5d791c24791e718ffae7d7c52b1ec316e65c",
    "https://esm.sh/date-fns@3.6.0/denonext/secondsToMilliseconds.mjs": "b4dcb3163533df62e71f43c16350904ba57ff37d67013e46c331647d713e339b",
    "https://esm.sh/date-fns@3.6.0/denonext/secondsToMinutes.mjs": "7f4199757231379d32579e95c82b132c522813213895273715f51c9e5ca70d66",
    "https://esm.sh/date-fns@3.6.0/denonext/set.mjs": "1e833401accfeabcc34fcb44bb9a968d98bb6b71cfef492e0ab5d6652ff96576",
    "https://esm.sh/date-fns@3.6.0/denonext/setDate.mjs": "53e045e2f4423693ca150e17013c5386809e31f7cc8c6fb20f304ac4e14accf4",
    "https://esm.sh/date-fns@3.6.0/denonext/setDay.mjs": "93d0cb07198b555f223db74ad98787e58ad76d75295980cdd812ed44df8b778c",
    "https://esm.sh/date-fns@3.6.0/denonext/setDayOfYear.mjs": "e1a8efb6a4acb65f91ee6d64dc14634cd19d325f2a2c5fe851a20805e430a178",
    "https://esm.sh/date-fns@3.6.0/denonext/setDefaultOptions.mjs": "94822caa7e181f5a9b4ecd1dab9d403ebd74004d55644f939ef5de297f7f3c14",
    "https://esm.sh/date-fns@3.6.0/denonext/setHours.mjs": "5d17593176724472de0e7aa34bbd04521ccb7f1aaf457a2fa0a41be76aa56a25",
    "https://esm.sh/date-fns@3.6.0/denonext/setISODay.mjs": "aa1f2fd7762c1f48430d6a0910eb80a3b2c94b7c46e919413beb2f96e932908d",
    "https://esm.sh/date-fns@3.6.0/denonext/setISOWeek.mjs": "49ec3bb0adc7135ff729b3602fddf75961125462946e3722904f52e80de24053",
    "https://esm.sh/date-fns@3.6.0/denonext/setISOWeekYear.mjs": "17029f930f43cbfccd7405a7683584abae935b591910cd0cc0aeec334effc6b0",
    "https://esm.sh/date-fns@3.6.0/denonext/setMilliseconds.mjs": "a44e080ea6326ee3acb539bf608ffac352ccf05b8abd401eaa84a31081975d69",
    "https://esm.sh/date-fns@3.6.0/denonext/setMinutes.mjs": "3658304114c2b13bd672f6c475f57f0a507d9d8730c6e1d3f0281d55897e4022",
    "https://esm.sh/date-fns@3.6.0/denonext/setMonth.mjs": "51fa3778839e7fd746272cf386921cc859156f75201e9b0280b5cc1b8f02585f",
    "https://esm.sh/date-fns@3.6.0/denonext/setQuarter.mjs": "1d90fe03286955b9f17d0b0e7523910520e124a0f6266b0ac57438c1d5efefff",
    "https://esm.sh/date-fns@3.6.0/denonext/setSeconds.mjs": "e4741c0c8a6061733ea7759c4f801f47871a0bb89c29ae446f6f652c3ae540c8",
    "https://esm.sh/date-fns@3.6.0/denonext/setWeek.mjs": "10b732159d2bf5aabc82822317b5e1031e9ba805be70f2ddc84777ba31247410",
    "https://esm.sh/date-fns@3.6.0/denonext/setWeekYear.mjs": "0048ea2bca174bbba6b53d16f033c3e5af532a92681d666b9d1ef18c69845cd4",
    "https://esm.sh/date-fns@3.6.0/denonext/setYear.mjs": "be5e0c45b5b8c4da133a96efb13a17a5542b191cd79aa45525264e83c98a3639",
    "https://esm.sh/date-fns@3.6.0/denonext/startOfDay.mjs": "e4dd3383baad65447d0b4ade90e690221b90724707a1a72771da4701dcd8a769",
    "https://esm.sh/date-fns@3.6.0/denonext/startOfDecade.mjs": "29eafc772162f94ce336b9b88fc14b1d84981c788b0da763b2d1901ee4565e6f",
    "https://esm.sh/date-fns@3.6.0/denonext/startOfHour.mjs": "d85141ff8868598d59bde43ef263b7b814da8ea9f49e21502a7fc0b01a0b62d0",
    "https://esm.sh/date-fns@3.6.0/denonext/startOfISOWeek.mjs": "0d2ee9d68b47a27b580fc8dd82f12603c7e8dca8db0ae7152f1c5f13027468af",
    "https://esm.sh/date-fns@3.6.0/denonext/startOfISOWeekYear.mjs": "1499611aa169410a6fd1819fb4368e806142a67169928675c6541eef6a3cf811",
    "https://esm.sh/date-fns@3.6.0/denonext/startOfMinute.mjs": "9071d7e7376451b3f48213c257c193390755d9d9e53da9f04a4bc6bbd204096f",
    "https://esm.sh/date-fns@3.6.0/denonext/startOfMonth.mjs": "1ae76666a8281c70c14bd7194afc1388ca80f69cd825fa8f57f6115671ae5322",
    "https://esm.sh/date-fns@3.6.0/denonext/startOfQuarter.mjs": "fe87d40a1c4bbfabe7f4a30c135c584824183ee8f6db815fe0c8724eea4d2804",
    "https://esm.sh/date-fns@3.6.0/denonext/startOfSecond.mjs": "c68f1914d1a1960c23c98b6f6432a2d2cc6f37906f667e5f6c4236ced96e9932",
    "https://esm.sh/date-fns@3.6.0/denonext/startOfToday.mjs": "c0dccb090d7337219a76ebbbeac62d68a45c6e9195ce80ac0f6898305378a02e",
    "https://esm.sh/date-fns@3.6.0/denonext/startOfTomorrow.mjs": "57f18092c0777ab6f47585a6deefb16d59d5b94a9d5786403f491754aab4b122",
    "https://esm.sh/date-fns@3.6.0/denonext/startOfWeek.mjs": "44fea61c74f17bb733b65d9ca9aab9a958af7bf5d702f84554c0a62a99dda003",
    "https://esm.sh/date-fns@3.6.0/denonext/startOfWeekYear.mjs": "613c08a13e76a6b1f299c02dd15c725a6dcdd5cb7b257fbbcb2fa83e59320281",
    "https://esm.sh/date-fns@3.6.0/denonext/startOfYear.mjs": "91d529de51d45ce48933ff5b5bee8a554e71277e1c4ec28a4535995cdb5fe1eb",
    "https://esm.sh/date-fns@3.6.0/denonext/startOfYesterday.mjs": "4d0483fa289203e1fe9cae62ac67ab955ae0c076f8e255a2d831bccad675cc6a",
    "https://esm.sh/date-fns@3.6.0/denonext/sub.mjs": "36db2d5cd8dd06b030d0fe508db6d7adf9b186ec63b9f620a3c5e201005f00cb",
    "https://esm.sh/date-fns@3.6.0/denonext/subBusinessDays.mjs": "60419847e56ceaa7527b649bdfafcd8a0a324a321756a8e550de6bb11a307326",
    "https://esm.sh/date-fns@3.6.0/denonext/subDays.mjs": "5954e8366c198425c2dd93e8a42c2ba7258c72a6d491c5730e32592db3820aba",
    "https://esm.sh/date-fns@3.6.0/denonext/subHours.mjs": "05079e4bf3dcc14bb27fa8f8f50921d2665728c56b133354241fd9291d738668",
    "https://esm.sh/date-fns@3.6.0/denonext/subISOWeekYears.mjs": "97607e9643e91060b10a7324d57663231c19b3daa1063b4f2791ddfa4c53bf1b",
    "https://esm.sh/date-fns@3.6.0/denonext/subMilliseconds.mjs": "89d72de8a308f6283b671d2a6c4f89ba4c1f2d4dcfd2ea2573dcf34a2c826430",
    "https://esm.sh/date-fns@3.6.0/denonext/subMinutes.mjs": "19185b6d592cfe45401eeab984362c43412060e61677de80aaa7d11d9387c8a3",
    "https://esm.sh/date-fns@3.6.0/denonext/subMonths.mjs": "920865d7c42071c5e5b9a9e8d7bdf01d079276af9efcf20b844a4899634c5d96",
    "https://esm.sh/date-fns@3.6.0/denonext/subQuarters.mjs": "d25eb0013eea1d1b2421a490b49b46dad34fd26df62aaea059b8177636e68736",
    "https://esm.sh/date-fns@3.6.0/denonext/subSeconds.mjs": "9944c2d47818de80259203f51145413c844b6974c2673b9fae01a44e2364c23e",
    "https://esm.sh/date-fns@3.6.0/denonext/subWeeks.mjs": "c2e2e1b68620fe3017cc7be261f06b135eb098c1abe5fbce9afaeb6fd3082697",
    "https://esm.sh/date-fns@3.6.0/denonext/subYears.mjs": "2d2d711b91340c30fff3bc6ad507d383543896fb5e546cacb657eb3f9fa988ce",
    "https://esm.sh/date-fns@3.6.0/denonext/toDate.mjs": "0952cbbb14f9fc22e258e0c705ab91bf98b83b2733e6307948c55235b7678f2b",
    "https://esm.sh/date-fns@3.6.0/denonext/transpose.mjs": "8db7ec41d1f187e365fbc8ddaeb2dc16ec968abd50b270b59b24e063fd17fc61",
    "https://esm.sh/date-fns@3.6.0/denonext/weeksToDays.mjs": "ec2902550138f087522e1e7816c322fe2c5e7b10c58170963b379d36c2294944",
    "https://esm.sh/date-fns@3.6.0/denonext/yearsToDays.mjs": "2f294e59a156e3545808255409623e0b9ec83c404381b63cd72ab35fb09a3c41",
    "https://esm.sh/date-fns@3.6.0/denonext/yearsToMonths.mjs": "5458226de792387454626143780ebca31b9ea4b73651210f86e1a0323d9a4d50",
    "https://esm.sh/date-fns@3.6.0/denonext/yearsToQuarters.mjs": "dfc5d476c050a0e5263bfea8307c465cda7fcabfae6420e85170a2611e1f3b25",
    "https://esm.sh/date-fns@3.6.0/locale/pt-BR": "3e8b7551f8bd8f203738d8562862affeafcc2a73836a46831da9c6b6a323ce1d",
    "https://esm.sh/node-gyp-build@4.8.4/denonext/node-gyp-build.mjs": "9a86f2d044fc77bd60aaa3d697c2ba1b818da5fb1b9aaeedec59a40b8e908803",
    "https://esm.sh/node-gyp-build@4.8.4?target=denonext": "261a6cedf1fdbf159798141ba1e2311ac1510682c5c8b55dacc8cf5fdee4aa06",
    "https://esm.sh/tr46@0.0.3/denonext/tr46.mjs": "5753ec0a99414f4055f0c1f97691100f13d88e48a8443b00aebb90a512785fa2",
    "https://esm.sh/tr46@0.0.3?target=denonext": "19cb9be0f0d418a0c3abb81f2df31f080e9540a04e43b0f699bce1149cba0cbb",
    "https://esm.sh/utf-8-validate@6.0.5/denonext/utf-8-validate.mjs": "66b8ea532a0c745068f5b96ddb1bae332c3036703243541d2e89e66331974d98",
    "https://esm.sh/utf-8-validate@6.0.5?target=denonext": "071bc33ba1a58297e23a34d69dd589fd06df04b0f373b382ff5da544a623f271",
    "https://esm.sh/webidl-conversions@3.0.1/denonext/webidl-conversions.mjs": "54b5c2d50a294853c4ccebf9d5ed8988c94f4e24e463d84ec859a866ea5fafec",
    "https://esm.sh/webidl-conversions@3.0.1?target=denonext": "4e20318d50528084616c79d7b3f6e7f0fe7b6d09013bd01b3974d7448d767e29",
    "https://esm.sh/whatwg-url@5.0.0/denonext/whatwg-url.mjs": "29b16d74ee72624c915745bbd25b617cfd2248c6af0f5120d131e232a9a9af79",
    "https://esm.sh/whatwg-url@5.0.0?target=denonext": "f001a2cadf81312d214ca330033f474e74d81a003e21e8c5d70a1f46dc97b02d",
    "https://esm.sh/ws@8.18.2/denonext/ws.mjs": "b9211ecb1511b09f418c1330920c66800b66710b2cd2997b64b7e0525bd895d2",
    "https://esm.sh/ws@8.18.2?target=denonext": "2ee7b1bb11543dda3e7e1c685ad8599b6f18aea785302374c3def5da468a1e51"
  },
  "workspace": {
    "packageJson": {
      "dependencies": [
        "npm:@eslint/js@^9.9.1",
        "npm:@supabase/supabase-js@^2.49.4",
        "npm:@types/react-dom@^18.3.0",
        "npm:@types/react@^18.3.5",
        "npm:@vitejs/plugin-react@^4.3.1",
        "npm:autoprefixer@^10.4.18",
        "npm:cors@^2.8.5",
        "npm:date-fns@^4.1.0",
        "npm:eslint-plugin-react-hooks@^5.1.0-rc.0",
        "npm:eslint-plugin-react-refresh@~0.4.11",
        "npm:eslint@^9.9.1",
        "npm:globals@^15.9.0",
        "npm:lucide-react@0.344",
        "npm:postcss@^8.4.35",
        "npm:react-datepicker@^8.3.0",
        "npm:react-dom@^18.3.1",
        "npm:react@^18.3.1",
        "npm:resend@^4.5.1",
        "npm:supabase@^2.24.3",
        "npm:tailwindcss@^3.4.1",
        "npm:typescript-eslint@^8.3.0",
        "npm:typescript@^5.5.3",
        "npm:vite@^5.4.2"
      ]
    }
  }
}
